// !$*UTF8*$!
{
	archiveVersion = 1;
	classes = {
	};
	objectVersion = 53;
	objects = {

/* Begin PBXBuildFile section */
		6E398D6E2892CDF10050F086 /* UIApplicationExtension.swift in Sources */ = {isa = PBXBuildFile; fileRef = 6E398D6D2892CDF10050F086 /* UIApplicationExtension.swift */; };
		6E398D7228951D4D0050F086 /* Device.swift in Sources */ = {isa = PBXBuildFile; fileRef = 6E398D7128951D4D0050F086 /* Device.swift */; };
		6EA6AE56289049AC00829A48 /* SpinDiskApp.swift in Sources */ = {isa = PBXBuildFile; fileRef = 6EA6AE55289049AC00829A48 /* SpinDiskApp.swift */; };
		6EA6AE58289049AC00829A48 /* ContentView.swift in Sources */ = {isa = PBXBuildFile; fileRef = 6EA6AE57289049AC00829A48 /* ContentView.swift */; };
		6EA6AE5A289049AD00829A48 /* Assets.xcassets in Resources */ = {isa = PBXBuildFile; fileRef = 6EA6AE59289049AD00829A48 /* Assets.xcassets */; };
		6EA6AE5D289049AD00829A48 /* Preview Assets.xcassets in Resources */ = {isa = PBXBuildFile; fileRef = 6EA6AE5C289049AD00829A48 /* Preview Assets.xcassets */; };
		6EA6AE6428904DE300829A48 /* SpinDiskView.swift in Sources */ = {isa = PBXBuildFile; fileRef = 6EA6AE6328904DE300829A48 /* SpinDiskView.swift */; };
		6EA6AE66289165E000829A48 /* DiskView.swift in Sources */ = {isa = PBXBuildFile; fileRef = 6EA6AE65289165E000829A48 /* DiskView.swift */; };
		6EA6AE6828916D1400829A48 /* InputView.swift in Sources */ = {isa = PBXBuildFile; fileRef = 6EA6AE6728916D1400829A48 /* InputView.swift */; };
		6EA6AE6A289178C900829A48 /* DiskSliceShape.swift in Sources */ = {isa = PBXBuildFile; fileRef = 6EA6AE69289178C900829A48 /* DiskSliceShape.swift */; };
		6EA6AE6C2891876400829A48 /* Item.swift in Sources */ = {isa = PBXBuildFile; fileRef = 6EA6AE6B2891876400829A48 /* Item.swift */; };
		6EA6AE7328918F6400829A48 /* DiskSliceView.swift in Sources */ = {isa = PBXBuildFile; fileRef = 6EA6AE7228918F6400829A48 /* DiskSliceView.swift */; };
		6EA6AE75289198C100829A48 /* PointShape.swift in Sources */ = {isa = PBXBuildFile; fileRef = 6EA6AE74289198C100829A48 /* PointShape.swift */; };
/* End PBXBuildFile section */

/* Begin PBXFileReference section */
		6E398D6D2892CDF10050F086 /* UIApplicationExtension.swift */ = {isa = PBXFileReference; lastKnownFileType = sourcecode.swift; path = UIApplicationExtension.swift; sourceTree = "<group>"; };
		6E398D7128951D4D0050F086 /* Device.swift */ = {isa = PBXFileReference; lastKnownFileType = sourcecode.swift; path = Device.swift; sourceTree = "<group>"; };
		6EA6AE52289049AC00829A48 /* SpinDisk.app */ = {isa = PBXFileReference; explicitFileType = wrapper.application; includeInIndex = 0; path = SpinDisk.app; sourceTree = BUILT_PRODUCTS_DIR; };
		6EA6AE55289049AC00829A48 /* SpinDiskApp.swift */ = {isa = PBXFileReference; lastKnownFileType = sourcecode.swift; path = SpinDiskApp.swift; sourceTree = "<group>"; };
		6EA6AE57289049AC00829A48 /* ContentView.swift */ = {isa = PBXFileReference; lastKnownFileType = sourcecode.swift; path = ContentView.swift; sourceTree = "<group>"; };
		6EA6AE59289049AD00829A48 /* Assets.xcassets */ = {isa = PBXFileReference; lastKnownFileType = folder.assetcatalog; path = Assets.xcassets; sourceTree = "<group>"; };
		6EA6AE5C289049AD00829A48 /* Preview Assets.xcassets */ = {isa = PBXFileReference; lastKnownFileType = folder.assetcatalog; path = "Preview Assets.xcassets"; sourceTree = "<group>"; };
		6EA6AE6328904DE300829A48 /* SpinDiskView.swift */ = {isa = PBXFileReference; lastKnownFileType = sourcecode.swift; path = SpinDiskView.swift; sourceTree = "<group>"; };
		6EA6AE65289165E000829A48 /* DiskView.swift */ = {isa = PBXFileReference; lastKnownFileType = sourcecode.swift; path = DiskView.swift; sourceTree = "<group>"; };
		6EA6AE6728916D1400829A48 /* InputView.swift */ = {isa = PBXFileReference; lastKnownFileType = sourcecode.swift; path = InputView.swift; sourceTree = "<group>"; };
		6EA6AE69289178C900829A48 /* DiskSliceShape.swift */ = {isa = PBXFileReference; lastKnownFileType = sourcecode.swift; path = DiskSliceShape.swift; sourceTree = "<group>"; };
		6EA6AE6B2891876400829A48 /* Item.swift */ = {isa = PBXFileReference; lastKnownFileType = sourcecode.swift; path = Item.swift; sourceTree = "<group>"; };
		6EA6AE7228918F6400829A48 /* DiskSliceView.swift */ = {isa = PBXFileReference; lastKnownFileType = sourcecode.swift; path = DiskSliceView.swift; sourceTree = "<group>"; };
		6EA6AE74289198C100829A48 /* PointShape.swift */ = {isa = PBXFileReference; lastKnownFileType = sourcecode.swift; path = PointShape.swift; sourceTree = "<group>"; };
/* End PBXFileReference section */

/* Begin PBXFrameworksBuildPhase section */
		6EA6AE4F289049AC00829A48 /* Frameworks */ = {
			isa = PBXFrameworksBuildPhase;
			buildActionMask = 2147483647;
			files = (
			);
			runOnlyForDeploymentPostprocessing = 0;
		};
/* End PBXFrameworksBuildPhase section */

/* Begin PBXGroup section */
		6EA6AE49289049AC00829A48 = {
			isa = PBXGroup;
			children = (
				6EA6AE54289049AC00829A48 /* SpinDisk */,
				6EA6AE53289049AC00829A48 /* Products */,
			);
			sourceTree = "<group>";
		};
		6EA6AE53289049AC00829A48 /* Products */ = {
			isa = PBXGroup;
			children = (
				6EA6AE52289049AC00829A48 /* SpinDisk.app */,
			);
			name = Products;
			sourceTree = "<group>";
		};
		6EA6AE54289049AC00829A48 /* SpinDisk */ = {
			isa = PBXGroup;
			children = (
				6EA6AE55289049AC00829A48 /* SpinDiskApp.swift */,
				6EA6AE57289049AC00829A48 /* ContentView.swift */,
				6EA6AE59289049AD00829A48 /* Assets.xcassets */,
				6EA6AE5B289049AD00829A48 /* Preview Content */,
				6EA6AE6E2891879700829A48 /* View */,
				6EA6AE6D2891878F00829A48 /* Model */,
				6E398D6D2892CDF10050F086 /* UIApplicationExtension.swift */,
				6E398D7128951D4D0050F086 /* Device.swift */,
			);
			path = SpinDisk;
			sourceTree = "<group>";
		};
		6EA6AE5B289049AD00829A48 /* Preview Content */ = {
			isa = PBXGroup;
			children = (
				6EA6AE5C289049AD00829A48 /* Preview Assets.xcassets */,
			);
			path = "Preview Content";
			sourceTree = "<group>";
		};
		6EA6AE6D2891878F00829A48 /* Model */ = {
			isa = PBXGroup;
			children = (
				6EA6AE6B2891876400829A48 /* Item.swift */,
			);
			path = Model;
			sourceTree = "<group>";
		};
		6EA6AE6E2891879700829A48 /* View */ = {
			isa = PBXGroup;
			children = (
				6EA6AE6328904DE300829A48 /* SpinDiskView.swift */,
				6EA6AE6728916D1400829A48 /* InputView.swift */,
				6EA6AE65289165E000829A48 /* DiskView.swift */,
				6EA6AE6F289187A600829A48 /* Slice */,
			);
			path = View;
			sourceTree = "<group>";
		};
		6EA6AE6F289187A600829A48 /* Slice */ = {
			isa = PBXGroup;
			children = (
				6EA6AE7228918F6400829A48 /* DiskSliceView.swift */,
				6EA6AE69289178C900829A48 /* DiskSliceShape.swift */,
				6EA6AE74289198C100829A48 /* PointShape.swift */,
			);
			path = Slice;
			sourceTree = "<group>";
		};
/* End PBXGroup section */

/* Begin PBXNativeTarget section */
		6EA6AE51289049AC00829A48 /* SpinDisk */ = {
			isa = PBXNativeTarget;
			buildConfigurationList = 6EA6AE60289049AD00829A48 /* Build configuration list for PBXNativeTarget "SpinDisk" */;
			buildPhases = (
				6EA6AE4E289049AC00829A48 /* Sources */,
				6EA6AE4F289049AC00829A48 /* Frameworks */,
				6EA6AE50289049AC00829A48 /* Resources */,
			);
			buildRules = (
			);
			dependencies = (
			);
			name = SpinDisk;
			productName = SpinDisk;
			productReference = 6EA6AE52289049AC00829A48 /* SpinDisk.app */;
			productType = "com.apple.product-type.application";
		};
/* End PBXNativeTarget section */

/* Begin PBXProject section */
		6EA6AE4A289049AC00829A48 /* Project object */ = {
			isa = PBXProject;
			attributes = {
				BuildIndependentTargetsInParallel = 1;
				LastSwiftUpdateCheck = 1340;
				LastUpgradeCheck = 1340;
				TargetAttributes = {
					6EA6AE51289049AC00829A48 = {
						CreatedOnToolsVersion = 13.4.1;
					};
				};
			};
			buildConfigurationList = 6EA6AE4D289049AC00829A48 /* Build configuration list for PBXProject "SpinDisk" */;
			compatibilityVersion = "Xcode 9.3";
			developmentRegion = en;
			hasScannedForEncodings = 0;
			knownRegions = (
				en,
				Base,
			);
			mainGroup = 6EA6AE49289049AC00829A48;
			productRefGroup = 6EA6AE53289049AC00829A48 /* Products */;
			projectDirPath = "";
			projectRoot = "";
			targets = (
				6EA6AE51289049AC00829A48 /* SpinDisk */,
			);
		};
/* End PBXProject section */

/* Begin PBXResourcesBuildPhase section */
		6EA6AE50289049AC00829A48 /* Resources */ = {
			isa = PBXResourcesBuildPhase;
			buildActionMask = 2147483647;
			files = (
				6EA6AE5D289049AD00829A48 /* Preview Assets.xcassets in Resources */,
				6EA6AE5A289049AD00829A48 /* Assets.xcassets in Resources */,
			);
			runOnlyForDeploymentPostprocessing = 0;
		};
/* End PBXResourcesBuildPhase section */

/* Begin PBXSourcesBuildPhase section */
		6EA6AE4E289049AC00829A48 /* Sources */ = {
			isa = PBXSourcesBuildPhase;
			buildActionMask = 2147483647;
			files = (
				6E398D7228951D4D0050F086 /* Device.swift in Sources */,
				6EA6AE6428904DE300829A48 /* SpinDiskView.swift in Sources */,
				6EA6AE58289049AC00829A48 /* ContentView.swift in Sources */,
				6E398D6E2892CDF10050F086 /* UIApplicationExtension.swift in Sources */,
				6EA6AE6828916D1400829A48 /* InputView.swift in Sources */,
				6EA6AE6A289178C900829A48 /* DiskSliceShape.swift in Sources */,
				6EA6AE7328918F6400829A48 /* DiskSliceView.swift in Sources */,
				6EA6AE6C2891876400829A48 /* Item.swift in Sources */,
				6EA6AE75289198C100829A48 /* PointShape.swift in Sources */,
				6EA6AE56289049AC00829A48 /* SpinDiskApp.swift in Sources */,
				6EA6AE66289165E000829A48 /* DiskView.swift in Sources */,
			);
			runOnlyForDeploymentPostprocessing = 0;
		};
/* End PBXSourcesBuildPhase section */

/* Begin XCBuildConfiguration section */
		6EA6AE5E289049AD00829A48 /* Debug */ = {
			isa = XCBuildConfiguration;
			buildSettings = {
				ALWAYS_SEARCH_USER_PATHS = NO;
				CLANG_ANALYZER_NONNULL = YES;
				CLANG_ANALYZER_NUMBER_OBJECT_CONVERSION = YES_AGGRESSIVE;
				CLANG_CXX_LANGUAGE_STANDARD = "gnu++17";
				CLANG_ENABLE_MODULES = YES;
				CLANG_ENABLE_OBJC_ARC = YES;
				CLANG_ENABLE_OBJC_WEAK = YES;
				CLANG_WARN_BLOCK_CAPTURE_AUTORELEASING = YES;
				CLANG_WARN_BOOL_CONVERSION = YES;
				CLANG_WARN_COMMA = YES;
				CLANG_WARN_CONSTANT_CONVERSION = YES;
				CLANG_WARN_DEPRECATED_OBJC_IMPLEMENTATIONS = YES;
				CLANG_WARN_DIRECT_OBJC_ISA_USAGE = YES_ERROR;
				CLANG_WARN_DOCUMENTATION_COMMENTS = YES;
				CLANG_WARN_EMPTY_BODY = YES;
				CLANG_WARN_ENUM_CONVERSION = YES;
				CLANG_WARN_INFINITE_RECURSION = YES;
				CLANG_WARN_INT_CONVERSION = YES;
				CLANG_WARN_NON_LITERAL_NULL_CONVERSION = YES;
				CLANG_WARN_OBJC_IMPLICIT_RETAIN_SELF = YES;
				CLANG_WARN_OBJC_LITERAL_CONVERSION = YES;
				CLANG_WARN_OBJC_ROOT_CLASS = YES_ERROR;
				CLANG_WARN_QUOTED_INCLUDE_IN_FRAMEWORK_HEADER = YES;
				CLANG_WARN_RANGE_LOOP_ANALYSIS = YES;
				CLANG_WARN_STRICT_PROTOTYPES = YES;
				CLANG_WARN_SUSPICIOUS_MOVE = YES;
				CLANG_WARN_UNGUARDED_AVAILABILITY = YES_AGGRESSIVE;
				CLANG_WARN_UNREACHABLE_CODE = YES;
				CLANG_WARN__DUPLICATE_METHOD_MATCH = YES;
				COPY_PHASE_STRIP = NO;
				DEBUG_INFORMATION_FORMAT = dwarf;
				ENABLE_STRICT_OBJC_MSGSEND = YES;
				ENABLE_TESTABILITY = YES;
				GCC_C_LANGUAGE_STANDARD = gnu11;
				GCC_DYNAMIC_NO_PIC = NO;
				GCC_NO_COMMON_BLOCKS = YES;
				GCC_OPTIMIZATION_LEVEL = 0;
				GCC_PREPROCESSOR_DEFINITIONS = (
					"DEBUG=1",
					"$(inherited)",
				);
				GCC_WARN_64_TO_32_BIT_CONVERSION = YES;
				GCC_WARN_ABOUT_RETURN_TYPE = YES_ERROR;
				GCC_WARN_UNDECLARED_SELECTOR = YES;
				GCC_WARN_UNINITIALIZED_AUTOS = YES_AGGRESSIVE;
				GCC_WARN_UNUSED_FUNCTION = YES;
				GCC_WARN_UNUSED_VARIABLE = YES;
				IPHONEOS_DEPLOYMENT_TARGET = 14.0;
				MTL_ENABLE_DEBUG_INFO = INCLUDE_SOURCE;
				MTL_FAST_MATH = YES;
				ONLY_ACTIVE_ARCH = YES;
				SDKROOT = iphoneos;
				SWIFT_ACTIVE_COMPILATION_CONDITIONS = DEBUG;
				SWIFT_OPTIMIZATION_LEVEL = "-Onone";
			};
			name = Debug;
		};
		6EA6AE5F289049AD00829A48 /* Release */ = {
			isa = XCBuildConfiguration;
			buildSettings = {
				ALWAYS_SEARCH_USER_PATHS = NO;
				CLANG_ANALYZER_NONNULL = YES;
				CLANG_ANALYZER_NUMBER_OBJECT_CONVERSION = YES_AGGRESSIVE;
				CLANG_CXX_LANGUAGE_STANDARD = "gnu++17";
				CLANG_ENABLE_MODULES = YES;
				CLANG_ENABLE_OBJC_ARC = YES;
				CLANG_ENABLE_OBJC_WEAK = YES;
				CLANG_WARN_BLOCK_CAPTURE_AUTORELEASING = YES;
				CLANG_WARN_BOOL_CONVERSION = YES;
				CLANG_WARN_COMMA = YES;
				CLANG_WARN_CONSTANT_CONVERSION = YES;
				CLANG_WARN_DEPRECATED_OBJC_IMPLEMENTATIONS = YES;
				CLANG_WARN_DIRECT_OBJC_ISA_USAGE = YES_ERROR;
				CLANG_WARN_DOCUMENTATION_COMMENTS = YES;
				CLANG_WARN_EMPTY_BODY = YES;
				CLANG_WARN_ENUM_CONVERSION = YES;
				CLANG_WARN_INFINITE_RECURSION = YES;
				CLANG_WARN_INT_CONVERSION = YES;
				CLANG_WARN_NON_LITERAL_NULL_CONVERSION = YES;
				CLANG_WARN_OBJC_IMPLICIT_RETAIN_SELF = YES;
				CLANG_WARN_OBJC_LITERAL_CONVERSION = YES;
				CLANG_WARN_OBJC_ROOT_CLASS = YES_ERROR;
				CLANG_WARN_QUOTED_INCLUDE_IN_FRAMEWORK_HEADER = YES;
				CLANG_WARN_RANGE_LOOP_ANALYSIS = YES;
				CLANG_WARN_STRICT_PROTOTYPES = YES;
				CLANG_WARN_SUSPICIOUS_MOVE = YES;
				CLANG_WARN_UNGUARDED_AVAILABILITY = YES_AGGRESSIVE;
				CLANG_WARN_UNREACHABLE_CODE = YES;
				CLANG_WARN__DUPLICATE_METHOD_MATCH = YES;
				COPY_PHASE_STRIP = NO;
				DEBUG_INFORMATION_FORMAT = "dwarf-with-dsym";
				ENABLE_NS_ASSERTIONS = NO;
				ENABLE_STRICT_OBJC_MSGSEND = YES;
				GCC_C_LANGUAGE_STANDARD = gnu11;
				GCC_NO_COMMON_BLOCKS = YES;
				GCC_WARN_64_TO_32_BIT_CONVERSION = YES;
				GCC_WARN_ABOUT_RETURN_TYPE = YES_ERROR;
				GCC_WARN_UNDECLARED_SELECTOR = YES;
				GCC_WARN_UNINITIALIZED_AUTOS = YES_AGGRESSIVE;
				GCC_WARN_UNUSED_FUNCTION = YES;
				GCC_WARN_UNUSED_VARIABLE = YES;
				IPHONEOS_DEPLOYMENT_TARGET = 14.0;
				MTL_ENABLE_DEBUG_INFO = NO;
				MTL_FAST_MATH = YES;
				SDKROOT = iphoneos;
				SWIFT_COMPILATION_MODE = wholemodule;
				SWIFT_OPTIMIZATION_LEVEL = "-O";
				VALIDATE_PRODUCT = YES;
			};
			name = Release;
		};
		6EA6AE61289049AD00829A48 /* Debug */ = {
			isa = XCBuildConfiguration;
			buildSettings = {
				ASSETCATALOG_COMPILER_APPICON_NAME = AppIcon;
				ASSETCATALOG_COMPILER_GLOBAL_ACCENT_COLOR_NAME = AccentColor;
				CODE_SIGN_STYLE = Automatic;
				CURRENT_PROJECT_VERSION = 1;
				DEVELOPMENT_ASSET_PATHS = "\"SpinDisk/Preview Content\"";
				DEVELOPMENT_TEAM = QYFAGUWL5S;
				ENABLE_PREVIEWS = YES;
				GENERATE_INFOPLIST_FILE = YES;
				INFOPLIST_KEY_UIApplicationSceneManifest_Generation = YES;
				INFOPLIST_KEY_UIApplicationSupportsIndirectInputEvents = YES;
				INFOPLIST_KEY_UILaunchScreen_Generation = YES;
				INFOPLIST_KEY_UISupportedInterfaceOrientations_iPad = "UIInterfaceOrientationPortrait UIInterfaceOrientationPortraitUpsideDown UIInterfaceOrientationLandscapeLeft UIInterfaceOrientationLandscapeRight";
				INFOPLIST_KEY_UISupportedInterfaceOrientations_iPhone = "UIInterfaceOrientationPortrait UIInterfaceOrientationLandscapeLeft UIInterfaceOrientationLandscapeRight";
				IPHONEOS_DEPLOYMENT_TARGET = 14.0;
				LD_RUNPATH_SEARCH_PATHS = (
					"$(inherited)",
					"@executable_path/Frameworks",
				);
				MARKETING_VERSION = 1.0;
				PRODUCT_BUNDLE_IDENTIFIER = com.audrey.SpinDisk;
				PRODUCT_NAME = "$(TARGET_NAME)";
				SWIFT_EMIT_LOC_STRINGS = YES;
				SWIFT_VERSION = 5.0;
				TARGETED_DEVICE_FAMILY = "1,2";
			};
			name = Debug;
		};
		6EA6AE62289049AD00829A48 /* Release */ = {
			isa = XCBuildConfiguration;
			buildSettings = {
				ASSETCATALOG_COMPILER_APPICON_NAME = AppIcon;
				ASSETCATALOG_COMPILER_GLOBAL_ACCENT_COLOR_NAME = AccentColor;
				CODE_SIGN_STYLE = Automatic;
				CURRENT_PROJECT_VERSION = 1;
				DEVELOPMENT_ASSET_PATHS = "\"SpinDisk/Preview Content\"";
				DEVELOPMENT_TEAM = QYFAGUWL5S;
				ENABLE_PREVIEWS = YES;
				GENERATE_INFOPLIST_FILE = YES;
				INFOPLIST_KEY_UIApplicationSceneManifest_Generation = YES;
				INFOPLIST_KEY_UIApplicationSupportsIndirectInputEvents = YES;
				INFOPLIST_KEY_UILaunchScreen_Generation = YES;
				INFOPLIST_KEY_UISupportedInterfaceOrientations_iPad = "UIInterfaceOrientationPortrait UIInterfaceOrientationPortraitUpsideDown UIInterfaceOrientationLandscapeLeft UIInterfaceOrientationLandscapeRight";
				INFOPLIST_KEY_UISupportedInterfaceOrientations_iPhone = "UIInterfaceOrientationPortrait UIInterfaceOrientationLandscapeLeft UIInterfaceOrientationLandscapeRight";
				IPHONEOS_DEPLOYMENT_TARGET = 14.0;
				LD_RUNPATH_SEARCH_PATHS = (
					"$(inherited)",
					"@executable_path/Frameworks",
				);
				MARKETING_VERSION = 1.0;
				PRODUCT_BUNDLE_IDENTIFIER = com.audrey.SpinDisk;
				PRODUCT_NAME = "$(TARGET_NAME)";
				SWIFT_EMIT_LOC_STRINGS = YES;
				SWIFT_VERSION = 5.0;
				TARGETED_DEVICE_FAMILY = "1,2";
			};
			name = Release;
		};
/* End XCBuildConfiguration section */

/* Begin XCConfigurationList section */
		6EA6AE4D289049AC00829A48 /* Build configuration list for PBXProject "SpinDisk" */ = {
			isa = XCConfigurationList;
			buildConfigurations = (
				6EA6AE5E289049AD00829A48 /* Debug */,
				6EA6AE5F289049AD00829A48 /* Release */,
			);
			defaultConfigurationIsVisible = 0;
			defaultConfigurationName = Release;
		};
		6EA6AE60289049AD00829A48 /* Build configuration list for PBXNativeTarget "SpinDisk" */ = {
			isa = XCConfigurationList;
			buildConfigurations = (
				6EA6AE61289049AD00829A48 /* Debug */,
				6EA6AE62289049AD00829A48 /* Release */,
			);
			defaultConfigurationIsVisible = 0;
			defaultConfigurationName = Release;
		};
/* End XCConfigurationList section */
	};
	rootObject = 6EA6AE4A289049AC00829A48 /* Project object */;
}
